// !$*UTF8*$!
{
	archiveVersion = 1;
	classes = {
	};
	objectVersion = 56;
	objects = {

/* Begin PBXBuildFile section */
		D9A731632A98F0A800D03A96 /* meow.m4a in Resources */ = {isa = PBXBuildFile; fileRef = D9A731622A98F0A800D03A96 /* meow.m4a */; };
		D9A731662A98F0E100D03A96 /* Subsonic in Frameworks */ = {isa = PBXBuildFile; productRef = D9A731652A98F0E100D03A96 /* Subsonic */; };
		D9A731682A98FF1500D03A96 /* CatBounceViewController.swift in Sources */ = {isa = PBXBuildFile; fileRef = D9A731672A98FF1500D03A96 /* CatBounceViewController.swift */; };
		D9A7316A2A98FF2800D03A96 /* CatBounceScreen.storyboard in Resources */ = {isa = PBXBuildFile; fileRef = D9A731692A98FF2800D03A96 /* CatBounceScreen.storyboard */; };
		D9D951502A8AA99B00BCFFFD /* Tabby_CatApp.swift in Sources */ = {isa = PBXBuildFile; fileRef = D9D9514F2A8AA99B00BCFFFD /* Tabby_CatApp.swift */; };
		D9D951522A8AA99B00BCFFFD /* ContentView.swift in Sources */ = {isa = PBXBuildFile; fileRef = D9D951512A8AA99B00BCFFFD /* ContentView.swift */; };
		D9D951542A8AA99C00BCFFFD /* Assets.xcassets in Resources */ = {isa = PBXBuildFile; fileRef = D9D951532A8AA99C00BCFFFD /* Assets.xcassets */; };
		D9D951572A8AA99C00BCFFFD /* Preview Assets.xcassets in Resources */ = {isa = PBXBuildFile; fileRef = D9D951562A8AA99C00BCFFFD /* Preview Assets.xcassets */; };
		D9D9515E2A8AA9D900BCFFFD /* CatFactsView.swift in Sources */ = {isa = PBXBuildFile; fileRef = D9D9515D2A8AA9D900BCFFFD /* CatFactsView.swift */; };
		D9D951602A8AA9E000BCFFFD /* CatImagesView.swift in Sources */ = {isa = PBXBuildFile; fileRef = D9D9515F2A8AA9E000BCFFFD /* CatImagesView.swift */; };
		D9D951622A8AA9EA00BCFFFD /* CatBounceView.swift in Sources */ = {isa = PBXBuildFile; fileRef = D9D951612A8AA9EA00BCFFFD /* CatBounceView.swift */; };
		D9D951642A8AA9F000BCFFFD /* CatGalleryView.swift in Sources */ = {isa = PBXBuildFile; fileRef = D9D951632A8AA9F000BCFFFD /* CatGalleryView.swift */; };
		D9D951662A8AAC7400BCFFFD /* CatFactsManager.swift in Sources */ = {isa = PBXBuildFile; fileRef = D9D951652A8AAC7400BCFFFD /* CatFactsManager.swift */; };
		D9D951682A8AB05B00BCFFFD /* CatFact.swift in Sources */ = {isa = PBXBuildFile; fileRef = D9D951672A8AB05B00BCFFFD /* CatFact.swift */; };
/* End PBXBuildFile section */

/* Begin PBXFileReference section */
		D9A731622A98F0A800D03A96 /* meow.m4a */ = {isa = PBXFileReference; lastKnownFileType = file; path = meow.m4a; sourceTree = "<group>"; };
		D9A731672A98FF1500D03A96 /* CatBounceViewController.swift */ = {isa = PBXFileReference; lastKnownFileType = sourcecode.swift; path = CatBounceViewController.swift; sourceTree = "<group>"; };
		D9A731692A98FF2800D03A96 /* CatBounceScreen.storyboard */ = {isa = PBXFileReference; lastKnownFileType = file.storyboard; path = CatBounceScreen.storyboard; sourceTree = "<group>"; };
		D9D9514C2A8AA99B00BCFFFD /* Tabby Cat.app */ = {isa = PBXFileReference; explicitFileType = wrapper.application; includeInIndex = 0; path = "Tabby Cat.app"; sourceTree = BUILT_PRODUCTS_DIR; };
		D9D9514F2A8AA99B00BCFFFD /* Tabby_CatApp.swift */ = {isa = PBXFileReference; lastKnownFileType = sourcecode.swift; path = Tabby_CatApp.swift; sourceTree = "<group>"; };
		D9D951512A8AA99B00BCFFFD /* ContentView.swift */ = {isa = PBXFileReference; lastKnownFileType = sourcecode.swift; path = ContentView.swift; sourceTree = "<group>"; };
		D9D951532A8AA99C00BCFFFD /* Assets.xcassets */ = {isa = PBXFileReference; lastKnownFileType = folder.assetcatalog; path = Assets.xcassets; sourceTree = "<group>"; };
		D9D951562A8AA99C00BCFFFD /* Preview Assets.xcassets */ = {isa = PBXFileReference; lastKnownFileType = folder.assetcatalog; path = "Preview Assets.xcassets"; sourceTree = "<group>"; };
		D9D9515D2A8AA9D900BCFFFD /* CatFactsView.swift */ = {isa = PBXFileReference; lastKnownFileType = sourcecode.swift; path = CatFactsView.swift; sourceTree = "<group>"; };
		D9D9515F2A8AA9E000BCFFFD /* CatImagesView.swift */ = {isa = PBXFileReference; lastKnownFileType = sourcecode.swift; path = CatImagesView.swift; sourceTree = "<group>"; };
		D9D951612A8AA9EA00BCFFFD /* CatBounceView.swift */ = {isa = PBXFileReference; lastKnownFileType = sourcecode.swift; path = CatBounceView.swift; sourceTree = "<group>"; };
		D9D951632A8AA9F000BCFFFD /* CatGalleryView.swift */ = {isa = PBXFileReference; lastKnownFileType = sourcecode.swift; path = CatGalleryView.swift; sourceTree = "<group>"; };
		D9D951652A8AAC7400BCFFFD /* CatFactsManager.swift */ = {isa = PBXFileReference; lastKnownFileType = sourcecode.swift; path = CatFactsManager.swift; sourceTree = "<group>"; };
		D9D951672A8AB05B00BCFFFD /* CatFact.swift */ = {isa = PBXFileReference; lastKnownFileType = sourcecode.swift; path = CatFact.swift; sourceTree = "<group>"; };
/* End PBXFileReference section */

/* Begin PBXFrameworksBuildPhase section */
		D9D951492A8AA99A00BCFFFD /* Frameworks */ = {
			isa = PBXFrameworksBuildPhase;
			buildActionMask = 2147483647;
			files = (
				D9A731662A98F0E100D03A96 /* Subsonic in Frameworks */,
			);
			runOnlyForDeploymentPostprocessing = 0;
		};
/* End PBXFrameworksBuildPhase section */

/* Begin PBXGroup section */
		D9D951432A8AA99A00BCFFFD = {
			isa = PBXGroup;
			children = (
				D9D9514E2A8AA99B00BCFFFD /* Tabby Cat */,
				D9D9514D2A8AA99B00BCFFFD /* Products */,
			);
			sourceTree = "<group>";
		};
		D9D9514D2A8AA99B00BCFFFD /* Products */ = {
			isa = PBXGroup;
			children = (
				D9D9514C2A8AA99B00BCFFFD /* Tabby Cat.app */,
			);
			name = Products;
			sourceTree = "<group>";
		};
		D9D9514E2A8AA99B00BCFFFD /* Tabby Cat */ = {
			isa = PBXGroup;
			children = (
				D9A731622A98F0A800D03A96 /* meow.m4a */,
				D9D9514F2A8AA99B00BCFFFD /* Tabby_CatApp.swift */,
				D9D951512A8AA99B00BCFFFD /* ContentView.swift */,
				D9D951652A8AAC7400BCFFFD /* CatFactsManager.swift */,
				D9A731672A98FF1500D03A96 /* CatBounceViewController.swift */,
				D9A731692A98FF2800D03A96 /* CatBounceScreen.storyboard */,
				D9D9515D2A8AA9D900BCFFFD /* CatFactsView.swift */,
				D9D951672A8AB05B00BCFFFD /* CatFact.swift */,
				D9D9515F2A8AA9E000BCFFFD /* CatImagesView.swift */,
				D9D951612A8AA9EA00BCFFFD /* CatBounceView.swift */,
				D9D951632A8AA9F000BCFFFD /* CatGalleryView.swift */,
				D9D951532A8AA99C00BCFFFD /* Assets.xcassets */,
				D9D951552A8AA99C00BCFFFD /* Preview Content */,
			);
			path = "Tabby Cat";
			sourceTree = "<group>";
		};
		D9D951552A8AA99C00BCFFFD /* Preview Content */ = {
			isa = PBXGroup;
			children = (
				D9D951562A8AA99C00BCFFFD /* Preview Assets.xcassets */,
			);
			path = "Preview Content";
			sourceTree = "<group>";
		};
/* End PBXGroup section */

/* Begin PBXNativeTarget section */
		D9D9514B2A8AA99A00BCFFFD /* Tabby Cat */ = {
			isa = PBXNativeTarget;
			buildConfigurationList = D9D9515A2A8AA99C00BCFFFD /* Build configuration list for PBXNativeTarget "Tabby Cat" */;
			buildPhases = (
				D9D951482A8AA99A00BCFFFD /* Sources */,
				D9D951492A8AA99A00BCFFFD /* Frameworks */,
				D9D9514A2A8AA99A00BCFFFD /* Resources */,
			);
			buildRules = (
			);
			dependencies = (
			);
			name = "Tabby Cat";
			packageProductDependencies = (
				D9A731652A98F0E100D03A96 /* Subsonic */,
			);
			productName = "Tabby Cat";
			productReference = D9D9514C2A8AA99B00BCFFFD /* Tabby Cat.app */;
			productType = "com.apple.product-type.application";
		};
/* End PBXNativeTarget section */

/* Begin PBXProject section */
		D9D951442A8AA99A00BCFFFD /* Project object */ = {
			isa = PBXProject;
			attributes = {
				BuildIndependentTargetsInParallel = 1;
				LastSwiftUpdateCheck = 1430;
				LastUpgradeCheck = 1430;
				TargetAttributes = {
					D9D9514B2A8AA99A00BCFFFD = {
						CreatedOnToolsVersion = 14.3.1;
					};
				};
			};
			buildConfigurationList = D9D951472A8AA99A00BCFFFD /* Build configuration list for PBXProject "Tabby Cat" */;
			compatibilityVersion = "Xcode 14.0";
			developmentRegion = en;
			hasScannedForEncodings = 0;
			knownRegions = (
				en,
				Base,
			);
			mainGroup = D9D951432A8AA99A00BCFFFD;
			packageReferences = (
				D9A731642A98F0E100D03A96 /* XCRemoteSwiftPackageReference "subsonic" */,
			);
			productRefGroup = D9D9514D2A8AA99B00BCFFFD /* Products */;
			projectDirPath = "";
			projectRoot = "";
			targets = (
				D9D9514B2A8AA99A00BCFFFD /* Tabby Cat */,
			);
		};
/* End PBXProject section */

/* Begin PBXResourcesBuildPhase section */
		D9D9514A2A8AA99A00BCFFFD /* Resources */ = {
			isa = PBXResourcesBuildPhase;
			buildActionMask = 2147483647;
			files = (
				D9D951572A8AA99C00BCFFFD /* Preview Assets.xcassets in Resources */,
				D9A7316A2A98FF2800D03A96 /* CatBounceScreen.storyboard in Resources */,
				D9A731632A98F0A800D03A96 /* meow.m4a in Resources */,
				D9D951542A8AA99C00BCFFFD /* Assets.xcassets in Resources */,
			);
			runOnlyForDeploymentPostprocessing = 0;
		};
/* End PBXResourcesBuildPhase section */

/* Begin PBXSourcesBuildPhase section */
		D9D951482A8AA99A00BCFFFD /* Sources */ = {
			isa = PBXSourcesBuildPhase;
			buildActionMask = 2147483647;
			files = (
				D9D951642A8AA9F000BCFFFD /* CatGalleryView.swift in Sources */,
				D9D951522A8AA99B00BCFFFD /* ContentView.swift in Sources */,
				D9D951662A8AAC7400BCFFFD /* CatFactsManager.swift in Sources */,
				D9D951622A8AA9EA00BCFFFD /* CatBounceView.swift in Sources */,
				D9D9515E2A8AA9D900BCFFFD /* CatFactsView.swift in Sources */,
				D9D951502A8AA99B00BCFFFD /* Tabby_CatApp.swift in Sources */,
				D9D951682A8AB05B00BCFFFD /* CatFact.swift in Sources */,
				D9A731682A98FF1500D03A96 /* CatBounceViewController.swift in Sources */,
				D9D951602A8AA9E000BCFFFD /* CatImagesView.swift in Sources */,
			);
			runOnlyForDeploymentPostprocessing = 0;
		};
/* End PBXSourcesBuildPhase section */

/* Begin XCBuildConfiguration section */
		D9D951582A8AA99C00BCFFFD /* Debug */ = {
			isa = XCBuildConfiguration;
			buildSettings = {
				ALWAYS_SEARCH_USER_PATHS = NO;
				CLANG_ANALYZER_NONNULL = YES;
				CLANG_ANALYZER_NUMBER_OBJECT_CONVERSION = YES_AGGRESSIVE;
				CLANG_CXX_LANGUAGE_STANDARD = "gnu++20";
				CLANG_ENABLE_MODULES = YES;
				CLANG_ENABLE_OBJC_ARC = YES;
				CLANG_ENABLE_OBJC_WEAK = YES;
				CLANG_WARN_BLOCK_CAPTURE_AUTORELEASING = YES;
				CLANG_WARN_BOOL_CONVERSION = YES;
				CLANG_WARN_COMMA = YES;
				CLANG_WARN_CONSTANT_CONVERSION = YES;
				CLANG_WARN_DEPRECATED_OBJC_IMPLEMENTATIONS = YES;
				CLANG_WARN_DIRECT_OBJC_ISA_USAGE = YES_ERROR;
				CLANG_WARN_DOCUMENTATION_COMMENTS = YES;
				CLANG_WARN_EMPTY_BODY = YES;
				CLANG_WARN_ENUM_CONVERSION = YES;
				CLANG_WARN_INFINITE_RECURSION = YES;
				CLANG_WARN_INT_CONVERSION = YES;
				CLANG_WARN_NON_LITERAL_NULL_CONVERSION = YES;
				CLANG_WARN_OBJC_IMPLICIT_RETAIN_SELF = YES;
				CLANG_WARN_OBJC_LITERAL_CONVERSION = YES;
				CLANG_WARN_OBJC_ROOT_CLASS = YES_ERROR;
				CLANG_WARN_QUOTED_INCLUDE_IN_FRAMEWORK_HEADER = YES;
				CLANG_WARN_RANGE_LOOP_ANALYSIS = YES;
				CLANG_WARN_STRICT_PROTOTYPES = YES;
				CLANG_WARN_SUSPICIOUS_MOVE = YES;
				CLANG_WARN_UNGUARDED_AVAILABILITY = YES_AGGRESSIVE;
				CLANG_WARN_UNREACHABLE_CODE = YES;
				CLANG_WARN__DUPLICATE_METHOD_MATCH = YES;
				COPY_PHASE_STRIP = NO;
				DEBUG_INFORMATION_FORMAT = dwarf;
				ENABLE_STRICT_OBJC_MSGSEND = YES;
				ENABLE_TESTABILITY = YES;
				GCC_C_LANGUAGE_STANDARD = gnu11;
				GCC_DYNAMIC_NO_PIC = NO;
				GCC_NO_COMMON_BLOCKS = YES;
				GCC_OPTIMIZATION_LEVEL = 0;
				GCC_PREPROCESSOR_DEFINITIONS = (
					"DEBUG=1",
					"$(inherited)",
				);
				GCC_WARN_64_TO_32_BIT_CONVERSION = YES;
				GCC_WARN_ABOUT_RETURN_TYPE = YES_ERROR;
				GCC_WARN_UNDECLARED_SELECTOR = YES;
				GCC_WARN_UNINITIALIZED_AUTOS = YES_AGGRESSIVE;
				GCC_WARN_UNUSED_FUNCTION = YES;
				GCC_WARN_UNUSED_VARIABLE = YES;
				IPHONEOS_DEPLOYMENT_TARGET = 16.4;
				MTL_ENABLE_DEBUG_INFO = INCLUDE_SOURCE;
				MTL_FAST_MATH = YES;
				ONLY_ACTIVE_ARCH = YES;
				SDKROOT = iphoneos;
				SWIFT_ACTIVE_COMPILATION_CONDITIONS = DEBUG;
				SWIFT_OPTIMIZATION_LEVEL = "-Onone";
			};
			name = Debug;
		};
		D9D951592A8AA99C00BCFFFD /* Release */ = {
			isa = XCBuildConfiguration;
			buildSettings = {
				ALWAYS_SEARCH_USER_PATHS = NO;
				CLANG_ANALYZER_NONNULL = YES;
				CLANG_ANALYZER_NUMBER_OBJECT_CONVERSION = YES_AGGRESSIVE;
				CLANG_CXX_LANGUAGE_STANDARD = "gnu++20";
				CLANG_ENABLE_MODULES = YES;
				CLANG_ENABLE_OBJC_ARC = YES;
				CLANG_ENABLE_OBJC_WEAK = YES;
				CLANG_WARN_BLOCK_CAPTURE_AUTORELEASING = YES;
				CLANG_WARN_BOOL_CONVERSION = YES;
				CLANG_WARN_COMMA = YES;
				CLANG_WARN_CONSTANT_CONVERSION = YES;
				CLANG_WARN_DEPRECATED_OBJC_IMPLEMENTATIONS = YES;
				CLANG_WARN_DIRECT_OBJC_ISA_USAGE = YES_ERROR;
				CLANG_WARN_DOCUMENTATION_COMMENTS = YES;
				CLANG_WARN_EMPTY_BODY = YES;
				CLANG_WARN_ENUM_CONVERSION = YES;
				CLANG_WARN_INFINITE_RECURSION = YES;
				CLANG_WARN_INT_CONVERSION = YES;
				CLANG_WARN_NON_LITERAL_NULL_CONVERSION = YES;
				CLANG_WARN_OBJC_IMPLICIT_RETAIN_SELF = YES;
				CLANG_WARN_OBJC_LITERAL_CONVERSION = YES;
				CLANG_WARN_OBJC_ROOT_CLASS = YES_ERROR;
				CLANG_WARN_QUOTED_INCLUDE_IN_FRAMEWORK_HEADER = YES;
				CLANG_WARN_RANGE_LOOP_ANALYSIS = YES;
				CLANG_WARN_STRICT_PROTOTYPES = YES;
				CLANG_WARN_SUSPICIOUS_MOVE = YES;
				CLANG_WARN_UNGUARDED_AVAILABILITY = YES_AGGRESSIVE;
				CLANG_WARN_UNREACHABLE_CODE = YES;
				CLANG_WARN__DUPLICATE_METHOD_MATCH = YES;
				COPY_PHASE_STRIP = NO;
				DEBUG_INFORMATION_FORMAT = "dwarf-with-dsym";
				ENABLE_NS_ASSERTIONS = NO;
				ENABLE_STRICT_OBJC_MSGSEND = YES;
				GCC_C_LANGUAGE_STANDARD = gnu11;
				GCC_NO_COMMON_BLOCKS = YES;
				GCC_WARN_64_TO_32_BIT_CONVERSION = YES;
				GCC_WARN_ABOUT_RETURN_TYPE = YES_ERROR;
				GCC_WARN_UNDECLARED_SELECTOR = YES;
				GCC_WARN_UNINITIALIZED_AUTOS = YES_AGGRESSIVE;
				GCC_WARN_UNUSED_FUNCTION = YES;
				GCC_WARN_UNUSED_VARIABLE = YES;
				IPHONEOS_DEPLOYMENT_TARGET = 16.4;
				MTL_ENABLE_DEBUG_INFO = NO;
				MTL_FAST_MATH = YES;
				SDKROOT = iphoneos;
				SWIFT_COMPILATION_MODE = wholemodule;
				SWIFT_OPTIMIZATION_LEVEL = "-O";
				VALIDATE_PRODUCT = YES;
			};
			name = Release;
		};
		D9D9515B2A8AA99C00BCFFFD /* Debug */ = {
			isa = XCBuildConfiguration;
			buildSettings = {
				ASSETCATALOG_COMPILER_APPICON_NAME = AppIcon;
				ASSETCATALOG_COMPILER_GLOBAL_ACCENT_COLOR_NAME = AccentColor;
				CODE_SIGN_STYLE = Automatic;
				CURRENT_PROJECT_VERSION = 1;
				DEVELOPMENT_ASSET_PATHS = "\"Tabby Cat/Preview Content\"";
				DEVELOPMENT_TEAM = 3397DJ29GC;
				ENABLE_PREVIEWS = YES;
				GENERATE_INFOPLIST_FILE = YES;
				INFOPLIST_KEY_UIApplicationSceneManifest_Generation = YES;
				INFOPLIST_KEY_UIApplicationSupportsIndirectInputEvents = YES;
				INFOPLIST_KEY_UILaunchScreen_Generation = YES;
				INFOPLIST_KEY_UISupportedInterfaceOrientations_iPad = "UIInterfaceOrientationPortrait UIInterfaceOrientationPortraitUpsideDown UIInterfaceOrientationLandscapeLeft UIInterfaceOrientationLandscapeRight";
				INFOPLIST_KEY_UISupportedInterfaceOrientations_iPhone = "UIInterfaceOrientationPortrait UIInterfaceOrientationLandscapeLeft UIInterfaceOrientationLandscapeRight";
				LD_RUNPATH_SEARCH_PATHS = (
					"$(inherited)",
					"@executable_path/Frameworks",
				);
				MARKETING_VERSION = 1.0;
				PRODUCT_BUNDLE_IDENTIFIER = "com.MohamedBadir.Tabby-Cat";
				PRODUCT_NAME = "$(TARGET_NAME)";
				SWIFT_EMIT_LOC_STRINGS = YES;
				SWIFT_VERSION = 5.0;
				TARGETED_DEVICE_FAMILY = "1,2";
			};
			name = Debug;
		};
		D9D9515C2A8AA99C00BCFFFD /* Release */ = {
			isa = XCBuildConfiguration;
			buildSettings = {
				ASSETCATALOG_COMPILER_APPICON_NAME = AppIcon;
				ASSETCATALOG_COMPILER_GLOBAL_ACCENT_COLOR_NAME = AccentColor;
				CODE_SIGN_STYLE = Automatic;
				CURRENT_PROJECT_VERSION = 1;
				DEVELOPMENT_ASSET_PATHS = "\"Tabby Cat/Preview Content\"";
				DEVELOPMENT_TEAM = 3397DJ29GC;
				ENABLE_PREVIEWS = YES;
				GENERATE_INFOPLIST_FILE = YES;
				INFOPLIST_KEY_UIApplicationSceneManifest_Generation = YES;
				INFOPLIST_KEY_UIApplicationSupportsIndirectInputEvents = YES;
				INFOPLIST_KEY_UILaunchScreen_Generation = YES;
				INFOPLIST_KEY_UISupportedInterfaceOrientations_iPad = "UIInterfaceOrientationPortrait UIInterfaceOrientationPortraitUpsideDown UIInterfaceOrientationLandscapeLeft UIInterfaceOrientationLandscapeRight";
				INFOPLIST_KEY_UISupportedInterfaceOrientations_iPhone = "UIInterfaceOrientationPortrait UIInterfaceOrientationLandscapeLeft UIInterfaceOrientationLandscapeRight";
				LD_RUNPATH_SEARCH_PATHS = (
					"$(inherited)",
					"@executable_path/Frameworks",
				);
				MARKETING_VERSION = 1.0;
				PRODUCT_BUNDLE_IDENTIFIER = "com.MohamedBadir.Tabby-Cat";
				PRODUCT_NAME = "$(TARGET_NAME)";
				SWIFT_EMIT_LOC_STRINGS = YES;
				SWIFT_VERSION = 5.0;
				TARGETED_DEVICE_FAMILY = "1,2";
			};
			name = Release;
		};
/* End XCBuildConfiguration section */

/* Begin XCConfigurationList section */
		D9D951472A8AA99A00BCFFFD /* Build configuration list for PBXProject "Tabby Cat" */ = {
			isa = XCConfigurationList;
			buildConfigurations = (
				D9D951582A8AA99C00BCFFFD /* Debug */,
				D9D951592A8AA99C00BCFFFD /* Release */,
			);
			defaultConfigurationIsVisible = 0;
			defaultConfigurationName = Release;
		};
		D9D9515A2A8AA99C00BCFFFD /* Build configuration list for PBXNativeTarget "Tabby Cat" */ = {
			isa = XCConfigurationList;
			buildConfigurations = (
				D9D9515B2A8AA99C00BCFFFD /* Debug */,
				D9D9515C2A8AA99C00BCFFFD /* Release */,
			);
			defaultConfigurationIsVisible = 0;
			defaultConfigurationName = Release;
		};
/* End XCConfigurationList section */

/* Begin XCRemoteSwiftPackageReference section */
		D9A731642A98F0E100D03A96 /* XCRemoteSwiftPackageReference "subsonic" */ = {
			isa = XCRemoteSwiftPackageReference;
			repositoryURL = "https://github.com/twostraws/subsonic";
			requirement = {
				kind = upToNextMajorVersion;
				minimumVersion = 0.2.0;
			};
		};
/* End XCRemoteSwiftPackageReference section */

/* Begin XCSwiftPackageProductDependency section */
		D9A731652A98F0E100D03A96 /* Subsonic */ = {
			isa = XCSwiftPackageProductDependency;
			package = D9A731642A98F0E100D03A96 /* XCRemoteSwiftPackageReference "subsonic" */;
			productName = Subsonic;
		};
/* End XCSwiftPackageProductDependency section */
	};
	rootObject = D9D951442A8AA99A00BCFFFD /* Project object */;
}
